{
  "version": 4,
  "terraform_version": "1.4.2",
  "serial": 85,
  "lineage": "95d0b6a3-3543-bdc4-6e0d-6e594f9152d2",
  "outputs": {},
  "resources": [
    {
      "mode": "data",
      "type": "archive_file",
      "name": "report_archive",
      "provider": "provider[\"registry.terraform.io/hashicorp/archive\"]",
      "instances": [
        {
          "schema_version": 0,
          "attributes": {
            "excludes": [
              "../functions/generate_reports/__pycache__",
              "../functions/generate_reports/common/__pycache__",
              "../functions/generate_reports/venv"
            ],
            "id": "500780004aecd1f0ac8f37df89359da234003292",
            "output_base64sha256": "xvGQsZ2lAOyP0NiZUyuUyfbV8SJs4mZipFM06iTPESA=",
            "output_file_mode": null,
            "output_md5": "476f95e443b9a65471af5ea07aef72e2",
            "output_path": "../functions/generate_pdfs.zip",
            "output_sha": "500780004aecd1f0ac8f37df89359da234003292",
            "output_size": 7492,
            "source": [],
            "source_content": null,
            "source_content_filename": null,
            "source_dir": "../functions/generate_pdfs",
            "source_file": null,
            "type": "zip"
          },
          "sensitive_attributes": []
        }
      ]
    },
    {
      "mode": "data",
      "type": "google_project",
      "name": "function_project",
      "provider": "provider[\"registry.terraform.io/hashicorp/google\"]",
      "instances": [
        {
          "schema_version": 0,
          "attributes": {
            "auto_create_network": null,
            "billing_account": "017B39-5B5F1B-912B8C",
            "folder_id": "411092246126",
            "id": "projects/cloudsqlpoc-demo",
            "labels": {},
            "name": "cloudsqlpoc-demo",
            "number": "305379539480",
            "org_id": "",
            "project_id": "cloudsqlpoc-demo",
            "skip_delete": null
          },
          "sensitive_attributes": []
        }
      ]
    },
    {
      "mode": "managed",
      "type": "google_cloud_tasks_queue",
      "name": "reporting_queue",
      "provider": "provider[\"registry.terraform.io/hashicorp/google\"]",
      "instances": [
        {
          "schema_version": 0,
          "attributes": {
            "app_engine_routing_override": [],
            "id": "projects/cloudsqlpoc-demo/locations/europe-west2/queues/pdf-queue",
            "location": "europe-west2",
            "name": "pdf-queue",
            "project": "cloudsqlpoc-demo",
            "rate_limits": [
              {
                "max_burst_size": 10,
                "max_concurrent_dispatches": 1,
                "max_dispatches_per_second": 2
              }
            ],
            "retry_config": [
              {
                "max_attempts": 2,
                "max_backoff": "3s",
                "max_doublings": 1,
                "max_retry_duration": "4s",
                "min_backoff": "2s"
              }
            ],
            "stackdriver_logging_config": [
              {
                "sampling_ratio": 0.9
              }
            ],
            "timeouts": null
          },
          "sensitive_attributes": [],
          "private": "eyJlMmJmYjczMC1lY2FhLTExZTYtOGY4OC0zNDM2M2JjN2M0YzAiOnsiY3JlYXRlIjoxMjAwMDAwMDAwMDAwLCJkZWxldGUiOjEyMDAwMDAwMDAwMDAsInVwZGF0ZSI6MTIwMDAwMDAwMDAwMH19",
          "dependencies": [
            "google_cloudfunctions2_function.function"
          ]
        }
      ]
    },
    {
      "mode": "managed",
      "type": "google_cloudfunctions2_function",
      "name": "function",
      "provider": "provider[\"registry.terraform.io/hashicorp/google\"]",
      "instances": [
        {
          "schema_version": 0,
          "attributes": {
            "build_config": [
              {
                "build": "projects/305379539480/locations/europe-west2/builds/59a59b29-8d60-41d3-87d8-1dca61a6e3fd",
                "docker_repository": "",
                "entry_point": "generate_pdfs",
                "environment_variables": {
                  "BUILD_CONFIG_TEST": "build_test"
                },
                "runtime": "python39",
                "source": [
                  {
                    "repo_source": [],
                    "storage_source": [
                      {
                        "bucket": "source-code-305379539480",
                        "generation": 0,
                        "object": "generate-pdfs-476f95e443b9a65471af5ea07aef72e2.zip"
                      }
                    ]
                  }
                ],
                "worker_pool": ""
              }
            ],
            "description": "",
            "environment": "GEN_2",
            "event_trigger": [],
            "id": "projects/cloudsqlpoc-demo/locations/europe-west2/functions/generate-pdfs",
            "labels": {},
            "location": "europe-west2",
            "name": "generate-pdfs",
            "project": "cloudsqlpoc-demo",
            "service_config": [
              {
                "all_traffic_on_latest_revision": true,
                "available_cpu": "2",
                "available_memory": "8192Mi",
                "environment_variables": {
                  "PROJECT_ID": "cloudsqlpoc-demo",
                  "UPLOAD_BUCKET": "pdfs-305379539480"
                },
                "gcf_uri": "",
                "ingress_settings": "ALLOW_ALL",
                "max_instance_count": 1,
                "max_instance_request_concurrency": 1,
                "min_instance_count": 0,
                "secret_environment_variables": [],
                "secret_volumes": [],
                "service": "projects/cloudsqlpoc-demo/locations/europe-west2/services/generate-pdfs",
                "service_account_email": "sa-pdf-305379539480@cloudsqlpoc-demo.iam.gserviceaccount.com",
                "timeout_seconds": 3600,
                "uri": "https://generate-pdfs-o2l3mmw3zq-nw.a.run.app",
                "vpc_connector": "",
                "vpc_connector_egress_settings": ""
              }
            ],
            "state": "ACTIVE",
            "timeouts": null,
            "update_time": "2023-03-25T16:22:41.208088940Z"
          },
          "sensitive_attributes": [],
          "private": "eyJlMmJmYjczMC1lY2FhLTExZTYtOGY4OC0zNDM2M2JjN2M0YzAiOnsiY3JlYXRlIjozNjAwMDAwMDAwMDAwLCJkZWxldGUiOjM2MDAwMDAwMDAwMDAsInVwZGF0ZSI6MzYwMDAwMDAwMDAwMH19",
          "dependencies": [
            "data.archive_file.report_archive",
            "data.google_project.function_project",
            "google_project_service.project",
            "google_service_account.function",
            "google_storage_bucket.pdf_bucket",
            "google_storage_bucket.source_code",
            "google_storage_bucket_object.reporting"
          ]
        }
      ]
    },
    {
      "mode": "managed",
      "type": "google_project_iam_member",
      "name": "project",
      "provider": "provider[\"registry.terraform.io/hashicorp/google\"]",
      "instances": [
        {
          "schema_version": 0,
          "attributes": {
            "condition": [],
            "etag": "BwX3y43zEzQ=",
            "id": "cloudsqlpoc-demo/roles/run.invoker/serviceAccount:service-305379539480@serverless-robot-prod.iam.gserviceaccount.com",
            "member": "serviceAccount:service-305379539480@serverless-robot-prod.iam.gserviceaccount.com",
            "project": "cloudsqlpoc-demo",
            "role": "roles/run.invoker"
          },
          "sensitive_attributes": [],
          "private": "bnVsbA==",
          "dependencies": [
            "data.google_project.function_project"
          ]
        }
      ]
    },
    {
      "mode": "managed",
      "type": "google_project_iam_member",
      "name": "set-roles",
      "provider": "provider[\"registry.terraform.io/hashicorp/google\"]",
      "instances": [
        {
          "index_key": "roles/artifactregistry.reader",
          "schema_version": 0,
          "attributes": {
            "condition": [],
            "etag": "BwX3y43zEzQ=",
            "id": "cloudsqlpoc-demo/roles/artifactregistry.reader/serviceAccount:sa-pdf-305379539480@cloudsqlpoc-demo.iam.gserviceaccount.com",
            "member": "serviceAccount:sa-pdf-305379539480@cloudsqlpoc-demo.iam.gserviceaccount.com",
            "project": "cloudsqlpoc-demo",
            "role": "roles/artifactregistry.reader"
          },
          "sensitive_attributes": [],
          "private": "bnVsbA==",
          "dependencies": [
            "data.google_project.function_project",
            "google_service_account.function"
          ]
        },
        {
          "index_key": "roles/artifactregistry.writer",
          "schema_version": 0,
          "attributes": {
            "condition": [],
            "etag": "BwX3y43zEzQ=",
            "id": "cloudsqlpoc-demo/roles/artifactregistry.writer/serviceAccount:sa-pdf-305379539480@cloudsqlpoc-demo.iam.gserviceaccount.com",
            "member": "serviceAccount:sa-pdf-305379539480@cloudsqlpoc-demo.iam.gserviceaccount.com",
            "project": "cloudsqlpoc-demo",
            "role": "roles/artifactregistry.writer"
          },
          "sensitive_attributes": [],
          "private": "bnVsbA==",
          "dependencies": [
            "data.google_project.function_project",
            "google_service_account.function"
          ]
        },
        {
          "index_key": "roles/bigquery.admin",
          "schema_version": 0,
          "attributes": {
            "condition": [],
            "etag": "BwX3y43zEzQ=",
            "id": "cloudsqlpoc-demo/roles/bigquery.admin/serviceAccount:sa-pdf-305379539480@cloudsqlpoc-demo.iam.gserviceaccount.com",
            "member": "serviceAccount:sa-pdf-305379539480@cloudsqlpoc-demo.iam.gserviceaccount.com",
            "project": "cloudsqlpoc-demo",
            "role": "roles/bigquery.admin"
          },
          "sensitive_attributes": [],
          "private": "bnVsbA==",
          "dependencies": [
            "data.google_project.function_project",
            "google_service_account.function"
          ]
        },
        {
          "index_key": "roles/cloudfunctions.admin",
          "schema_version": 0,
          "attributes": {
            "condition": [],
            "etag": "BwX3y43zEzQ=",
            "id": "cloudsqlpoc-demo/roles/cloudfunctions.admin/serviceAccount:sa-pdf-305379539480@cloudsqlpoc-demo.iam.gserviceaccount.com",
            "member": "serviceAccount:sa-pdf-305379539480@cloudsqlpoc-demo.iam.gserviceaccount.com",
            "project": "cloudsqlpoc-demo",
            "role": "roles/cloudfunctions.admin"
          },
          "sensitive_attributes": [],
          "private": "bnVsbA==",
          "dependencies": [
            "data.google_project.function_project",
            "google_service_account.function"
          ]
        },
        {
          "index_key": "roles/cloudtrace.agent",
          "schema_version": 0,
          "attributes": {
            "condition": [],
            "etag": "BwX3y43zEzQ=",
            "id": "cloudsqlpoc-demo/roles/cloudtrace.agent/serviceAccount:sa-pdf-305379539480@cloudsqlpoc-demo.iam.gserviceaccount.com",
            "member": "serviceAccount:sa-pdf-305379539480@cloudsqlpoc-demo.iam.gserviceaccount.com",
            "project": "cloudsqlpoc-demo",
            "role": "roles/cloudtrace.agent"
          },
          "sensitive_attributes": [],
          "private": "bnVsbA==",
          "dependencies": [
            "data.google_project.function_project",
            "google_service_account.function"
          ]
        },
        {
          "index_key": "roles/iam.serviceAccountTokenCreator",
          "schema_version": 0,
          "attributes": {
            "condition": [],
            "etag": "BwX3y43zEzQ=",
            "id": "cloudsqlpoc-demo/roles/iam.serviceAccountTokenCreator/serviceAccount:sa-pdf-305379539480@cloudsqlpoc-demo.iam.gserviceaccount.com",
            "member": "serviceAccount:sa-pdf-305379539480@cloudsqlpoc-demo.iam.gserviceaccount.com",
            "project": "cloudsqlpoc-demo",
            "role": "roles/iam.serviceAccountTokenCreator"
          },
          "sensitive_attributes": [],
          "private": "bnVsbA==",
          "dependencies": [
            "data.google_project.function_project",
            "google_service_account.function"
          ]
        },
        {
          "index_key": "roles/iam.serviceAccountUser",
          "schema_version": 0,
          "attributes": {
            "condition": [],
            "etag": "BwX3y43zEzQ=",
            "id": "cloudsqlpoc-demo/roles/iam.serviceAccountUser/serviceAccount:sa-pdf-305379539480@cloudsqlpoc-demo.iam.gserviceaccount.com",
            "member": "serviceAccount:sa-pdf-305379539480@cloudsqlpoc-demo.iam.gserviceaccount.com",
            "project": "cloudsqlpoc-demo",
            "role": "roles/iam.serviceAccountUser"
          },
          "sensitive_attributes": [],
          "private": "bnVsbA==",
          "dependencies": [
            "data.google_project.function_project",
            "google_service_account.function"
          ]
        },
        {
          "index_key": "roles/logging.logWriter",
          "schema_version": 0,
          "attributes": {
            "condition": [],
            "etag": "BwX3y43zEzQ=",
            "id": "cloudsqlpoc-demo/roles/logging.logWriter/serviceAccount:sa-pdf-305379539480@cloudsqlpoc-demo.iam.gserviceaccount.com",
            "member": "serviceAccount:sa-pdf-305379539480@cloudsqlpoc-demo.iam.gserviceaccount.com",
            "project": "cloudsqlpoc-demo",
            "role": "roles/logging.logWriter"
          },
          "sensitive_attributes": [],
          "private": "bnVsbA==",
          "dependencies": [
            "data.google_project.function_project",
            "google_service_account.function"
          ]
        },
        {
          "index_key": "roles/monitoring.metricWriter",
          "schema_version": 0,
          "attributes": {
            "condition": [],
            "etag": "BwX3y43zEzQ=",
            "id": "cloudsqlpoc-demo/roles/monitoring.metricWriter/serviceAccount:sa-pdf-305379539480@cloudsqlpoc-demo.iam.gserviceaccount.com",
            "member": "serviceAccount:sa-pdf-305379539480@cloudsqlpoc-demo.iam.gserviceaccount.com",
            "project": "cloudsqlpoc-demo",
            "role": "roles/monitoring.metricWriter"
          },
          "sensitive_attributes": [],
          "private": "bnVsbA==",
          "dependencies": [
            "data.google_project.function_project",
            "google_service_account.function"
          ]
        },
        {
          "index_key": "roles/pubsub.admin",
          "schema_version": 0,
          "attributes": {
            "condition": [],
            "etag": "BwX3y43zEzQ=",
            "id": "cloudsqlpoc-demo/roles/pubsub.admin/serviceAccount:sa-pdf-305379539480@cloudsqlpoc-demo.iam.gserviceaccount.com",
            "member": "serviceAccount:sa-pdf-305379539480@cloudsqlpoc-demo.iam.gserviceaccount.com",
            "project": "cloudsqlpoc-demo",
            "role": "roles/pubsub.admin"
          },
          "sensitive_attributes": [],
          "private": "bnVsbA==",
          "dependencies": [
            "data.google_project.function_project",
            "google_service_account.function"
          ]
        },
        {
          "index_key": "roles/run.invoker",
          "schema_version": 0,
          "attributes": {
            "condition": [],
            "etag": "BwX3y43zEzQ=",
            "id": "cloudsqlpoc-demo/roles/run.invoker/serviceAccount:sa-pdf-305379539480@cloudsqlpoc-demo.iam.gserviceaccount.com",
            "member": "serviceAccount:sa-pdf-305379539480@cloudsqlpoc-demo.iam.gserviceaccount.com",
            "project": "cloudsqlpoc-demo",
            "role": "roles/run.invoker"
          },
          "sensitive_attributes": [],
          "private": "bnVsbA==",
          "dependencies": [
            "data.google_project.function_project",
            "google_service_account.function"
          ]
        },
        {
          "index_key": "roles/secretmanager.secretAccessor",
          "schema_version": 0,
          "attributes": {
            "condition": [],
            "etag": "BwX3y43zEzQ=",
            "id": "cloudsqlpoc-demo/roles/secretmanager.secretAccessor/serviceAccount:sa-pdf-305379539480@cloudsqlpoc-demo.iam.gserviceaccount.com",
            "member": "serviceAccount:sa-pdf-305379539480@cloudsqlpoc-demo.iam.gserviceaccount.com",
            "project": "cloudsqlpoc-demo",
            "role": "roles/secretmanager.secretAccessor"
          },
          "sensitive_attributes": [],
          "private": "bnVsbA==",
          "dependencies": [
            "data.google_project.function_project",
            "google_service_account.function"
          ]
        },
        {
          "index_key": "roles/stackdriver.resourceMetadata.writer",
          "schema_version": 0,
          "attributes": {
            "condition": [],
            "etag": "BwX3y43zEzQ=",
            "id": "cloudsqlpoc-demo/roles/stackdriver.resourceMetadata.writer/serviceAccount:sa-pdf-305379539480@cloudsqlpoc-demo.iam.gserviceaccount.com",
            "member": "serviceAccount:sa-pdf-305379539480@cloudsqlpoc-demo.iam.gserviceaccount.com",
            "project": "cloudsqlpoc-demo",
            "role": "roles/stackdriver.resourceMetadata.writer"
          },
          "sensitive_attributes": [],
          "private": "bnVsbA==",
          "dependencies": [
            "data.google_project.function_project",
            "google_service_account.function"
          ]
        },
        {
          "index_key": "roles/storage.admin",
          "schema_version": 0,
          "attributes": {
            "condition": [],
            "etag": "BwX3y43zEzQ=",
            "id": "cloudsqlpoc-demo/roles/storage.admin/serviceAccount:sa-pdf-305379539480@cloudsqlpoc-demo.iam.gserviceaccount.com",
            "member": "serviceAccount:sa-pdf-305379539480@cloudsqlpoc-demo.iam.gserviceaccount.com",
            "project": "cloudsqlpoc-demo",
            "role": "roles/storage.admin"
          },
          "sensitive_attributes": [],
          "private": "bnVsbA==",
          "dependencies": [
            "data.google_project.function_project",
            "google_service_account.function"
          ]
        }
      ]
    },
    {
      "mode": "managed",
      "type": "google_project_service",
      "name": "project",
      "provider": "provider[\"registry.terraform.io/hashicorp/google\"]",
      "instances": [
        {
          "index_key": "artifactregistry.googleapis.com",
          "schema_version": 0,
          "attributes": {
            "disable_dependent_services": true,
            "disable_on_destroy": false,
            "id": "cloudsqlpoc-demo/artifactregistry.googleapis.com",
            "project": "cloudsqlpoc-demo",
            "service": "artifactregistry.googleapis.com",
            "timeouts": null
          },
          "sensitive_attributes": [],
          "private": "eyJlMmJmYjczMC1lY2FhLTExZTYtOGY4OC0zNDM2M2JjN2M0YzAiOnsiY3JlYXRlIjoxMjAwMDAwMDAwMDAwLCJkZWxldGUiOjEyMDAwMDAwMDAwMDAsInJlYWQiOjYwMDAwMDAwMDAwMCwidXBkYXRlIjoxMjAwMDAwMDAwMDAwfX0="
        },
        {
          "index_key": "cloudbilling.googleapis.com",
          "schema_version": 0,
          "attributes": {
            "disable_dependent_services": true,
            "disable_on_destroy": false,
            "id": "cloudsqlpoc-demo/cloudbilling.googleapis.com",
            "project": "cloudsqlpoc-demo",
            "service": "cloudbilling.googleapis.com",
            "timeouts": null
          },
          "sensitive_attributes": [],
          "private": "eyJlMmJmYjczMC1lY2FhLTExZTYtOGY4OC0zNDM2M2JjN2M0YzAiOnsiY3JlYXRlIjoxMjAwMDAwMDAwMDAwLCJkZWxldGUiOjEyMDAwMDAwMDAwMDAsInJlYWQiOjYwMDAwMDAwMDAwMCwidXBkYXRlIjoxMjAwMDAwMDAwMDAwfX0="
        },
        {
          "index_key": "cloudbuild.googleapis.com",
          "schema_version": 0,
          "attributes": {
            "disable_dependent_services": true,
            "disable_on_destroy": false,
            "id": "cloudsqlpoc-demo/cloudbuild.googleapis.com",
            "project": "cloudsqlpoc-demo",
            "service": "cloudbuild.googleapis.com",
            "timeouts": null
          },
          "sensitive_attributes": [],
          "private": "eyJlMmJmYjczMC1lY2FhLTExZTYtOGY4OC0zNDM2M2JjN2M0YzAiOnsiY3JlYXRlIjoxMjAwMDAwMDAwMDAwLCJkZWxldGUiOjEyMDAwMDAwMDAwMDAsInJlYWQiOjYwMDAwMDAwMDAwMCwidXBkYXRlIjoxMjAwMDAwMDAwMDAwfX0="
        },
        {
          "index_key": "cloudfunctions.googleapis.com",
          "schema_version": 0,
          "attributes": {
            "disable_dependent_services": true,
            "disable_on_destroy": false,
            "id": "cloudsqlpoc-demo/cloudfunctions.googleapis.com",
            "project": "cloudsqlpoc-demo",
            "service": "cloudfunctions.googleapis.com",
            "timeouts": null
          },
          "sensitive_attributes": [],
          "private": "eyJlMmJmYjczMC1lY2FhLTExZTYtOGY4OC0zNDM2M2JjN2M0YzAiOnsiY3JlYXRlIjoxMjAwMDAwMDAwMDAwLCJkZWxldGUiOjEyMDAwMDAwMDAwMDAsInJlYWQiOjYwMDAwMDAwMDAwMCwidXBkYXRlIjoxMjAwMDAwMDAwMDAwfX0="
        },
        {
          "index_key": "cloudresourcemanager.googleapis.com",
          "schema_version": 0,
          "attributes": {
            "disable_dependent_services": true,
            "disable_on_destroy": false,
            "id": "cloudsqlpoc-demo/cloudresourcemanager.googleapis.com",
            "project": "cloudsqlpoc-demo",
            "service": "cloudresourcemanager.googleapis.com",
            "timeouts": null
          },
          "sensitive_attributes": [],
          "private": "eyJlMmJmYjczMC1lY2FhLTExZTYtOGY4OC0zNDM2M2JjN2M0YzAiOnsiY3JlYXRlIjoxMjAwMDAwMDAwMDAwLCJkZWxldGUiOjEyMDAwMDAwMDAwMDAsInJlYWQiOjYwMDAwMDAwMDAwMCwidXBkYXRlIjoxMjAwMDAwMDAwMDAwfX0="
        },
        {
          "index_key": "cloudtasks.googleapis.com",
          "schema_version": 0,
          "attributes": {
            "disable_dependent_services": true,
            "disable_on_destroy": false,
            "id": "cloudsqlpoc-demo/cloudtasks.googleapis.com",
            "project": "cloudsqlpoc-demo",
            "service": "cloudtasks.googleapis.com",
            "timeouts": null
          },
          "sensitive_attributes": [],
          "private": "eyJlMmJmYjczMC1lY2FhLTExZTYtOGY4OC0zNDM2M2JjN2M0YzAiOnsiY3JlYXRlIjoxMjAwMDAwMDAwMDAwLCJkZWxldGUiOjEyMDAwMDAwMDAwMDAsInJlYWQiOjYwMDAwMDAwMDAwMCwidXBkYXRlIjoxMjAwMDAwMDAwMDAwfX0="
        },
        {
          "index_key": "compute.googleapis.com",
          "schema_version": 0,
          "attributes": {
            "disable_dependent_services": true,
            "disable_on_destroy": false,
            "id": "cloudsqlpoc-demo/compute.googleapis.com",
            "project": "cloudsqlpoc-demo",
            "service": "compute.googleapis.com",
            "timeouts": null
          },
          "sensitive_attributes": [],
          "private": "eyJlMmJmYjczMC1lY2FhLTExZTYtOGY4OC0zNDM2M2JjN2M0YzAiOnsiY3JlYXRlIjoxMjAwMDAwMDAwMDAwLCJkZWxldGUiOjEyMDAwMDAwMDAwMDAsInJlYWQiOjYwMDAwMDAwMDAwMCwidXBkYXRlIjoxMjAwMDAwMDAwMDAwfX0="
        },
        {
          "index_key": "drive.googleapis.com",
          "schema_version": 0,
          "attributes": {
            "disable_dependent_services": true,
            "disable_on_destroy": false,
            "id": "cloudsqlpoc-demo/drive.googleapis.com",
            "project": "cloudsqlpoc-demo",
            "service": "drive.googleapis.com",
            "timeouts": null
          },
          "sensitive_attributes": [],
          "private": "eyJlMmJmYjczMC1lY2FhLTExZTYtOGY4OC0zNDM2M2JjN2M0YzAiOnsiY3JlYXRlIjoxMjAwMDAwMDAwMDAwLCJkZWxldGUiOjEyMDAwMDAwMDAwMDAsInJlYWQiOjYwMDAwMDAwMDAwMCwidXBkYXRlIjoxMjAwMDAwMDAwMDAwfX0="
        },
        {
          "index_key": "run.googleapis.com",
          "schema_version": 0,
          "attributes": {
            "disable_dependent_services": true,
            "disable_on_destroy": false,
            "id": "cloudsqlpoc-demo/run.googleapis.com",
            "project": "cloudsqlpoc-demo",
            "service": "run.googleapis.com",
            "timeouts": null
          },
          "sensitive_attributes": [],
          "private": "eyJlMmJmYjczMC1lY2FhLTExZTYtOGY4OC0zNDM2M2JjN2M0YzAiOnsiY3JlYXRlIjoxMjAwMDAwMDAwMDAwLCJkZWxldGUiOjEyMDAwMDAwMDAwMDAsInJlYWQiOjYwMDAwMDAwMDAwMCwidXBkYXRlIjoxMjAwMDAwMDAwMDAwfX0="
        },
        {
          "index_key": "servicenetworking.googleapis.com",
          "schema_version": 0,
          "attributes": {
            "disable_dependent_services": true,
            "disable_on_destroy": false,
            "id": "cloudsqlpoc-demo/servicenetworking.googleapis.com",
            "project": "cloudsqlpoc-demo",
            "service": "servicenetworking.googleapis.com",
            "timeouts": null
          },
          "sensitive_attributes": [],
          "private": "eyJlMmJmYjczMC1lY2FhLTExZTYtOGY4OC0zNDM2M2JjN2M0YzAiOnsiY3JlYXRlIjoxMjAwMDAwMDAwMDAwLCJkZWxldGUiOjEyMDAwMDAwMDAwMDAsInJlYWQiOjYwMDAwMDAwMDAwMCwidXBkYXRlIjoxMjAwMDAwMDAwMDAwfX0="
        },
        {
          "index_key": "storage-api.googleapis.com",
          "schema_version": 0,
          "attributes": {
            "disable_dependent_services": true,
            "disable_on_destroy": false,
            "id": "cloudsqlpoc-demo/storage-api.googleapis.com",
            "project": "cloudsqlpoc-demo",
            "service": "storage-api.googleapis.com",
            "timeouts": null
          },
          "sensitive_attributes": [],
          "private": "eyJlMmJmYjczMC1lY2FhLTExZTYtOGY4OC0zNDM2M2JjN2M0YzAiOnsiY3JlYXRlIjoxMjAwMDAwMDAwMDAwLCJkZWxldGUiOjEyMDAwMDAwMDAwMDAsInJlYWQiOjYwMDAwMDAwMDAwMCwidXBkYXRlIjoxMjAwMDAwMDAwMDAwfX0="
        },
        {
          "index_key": "storage-component.googleapis.com",
          "schema_version": 0,
          "attributes": {
            "disable_dependent_services": true,
            "disable_on_destroy": false,
            "id": "cloudsqlpoc-demo/storage-component.googleapis.com",
            "project": "cloudsqlpoc-demo",
            "service": "storage-component.googleapis.com",
            "timeouts": null
          },
          "sensitive_attributes": [],
          "private": "eyJlMmJmYjczMC1lY2FhLTExZTYtOGY4OC0zNDM2M2JjN2M0YzAiOnsiY3JlYXRlIjoxMjAwMDAwMDAwMDAwLCJkZWxldGUiOjEyMDAwMDAwMDAwMDAsInJlYWQiOjYwMDAwMDAwMDAwMCwidXBkYXRlIjoxMjAwMDAwMDAwMDAwfX0="
        },
        {
          "index_key": "vpcaccess.googleapis.com",
          "schema_version": 0,
          "attributes": {
            "disable_dependent_services": true,
            "disable_on_destroy": false,
            "id": "cloudsqlpoc-demo/vpcaccess.googleapis.com",
            "project": "cloudsqlpoc-demo",
            "service": "vpcaccess.googleapis.com",
            "timeouts": null
          },
          "sensitive_attributes": [],
          "private": "eyJlMmJmYjczMC1lY2FhLTExZTYtOGY4OC0zNDM2M2JjN2M0YzAiOnsiY3JlYXRlIjoxMjAwMDAwMDAwMDAwLCJkZWxldGUiOjEyMDAwMDAwMDAwMDAsInJlYWQiOjYwMDAwMDAwMDAwMCwidXBkYXRlIjoxMjAwMDAwMDAwMDAwfX0="
        }
      ]
    },
    {
      "mode": "managed",
      "type": "google_service_account",
      "name": "function",
      "provider": "provider[\"registry.terraform.io/hashicorp/google\"]",
      "instances": [
        {
          "schema_version": 0,
          "attributes": {
            "account_id": "sa-pdf-305379539480",
            "description": "",
            "disabled": false,
            "display_name": "SA for the PDF Cloud Function",
            "email": "sa-pdf-305379539480@cloudsqlpoc-demo.iam.gserviceaccount.com",
            "id": "projects/cloudsqlpoc-demo/serviceAccounts/sa-pdf-305379539480@cloudsqlpoc-demo.iam.gserviceaccount.com",
            "member": "serviceAccount:sa-pdf-305379539480@cloudsqlpoc-demo.iam.gserviceaccount.com",
            "name": "projects/cloudsqlpoc-demo/serviceAccounts/sa-pdf-305379539480@cloudsqlpoc-demo.iam.gserviceaccount.com",
            "project": "cloudsqlpoc-demo",
            "timeouts": null,
            "unique_id": "112574615020133576331"
          },
          "sensitive_attributes": [],
          "private": "eyJlMmJmYjczMC1lY2FhLTExZTYtOGY4OC0zNDM2M2JjN2M0YzAiOnsiY3JlYXRlIjozMDAwMDAwMDAwMDB9fQ==",
          "dependencies": [
            "data.google_project.function_project"
          ]
        }
      ]
    },
    {
      "mode": "managed",
      "type": "google_storage_bucket",
      "name": "pdf_bucket",
      "provider": "provider[\"registry.terraform.io/hashicorp/google\"]",
      "instances": [
        {
          "schema_version": 0,
          "attributes": {
            "autoclass": [],
            "cors": [],
            "custom_placement_config": [],
            "default_event_based_hold": false,
            "encryption": [],
            "force_destroy": true,
            "id": "pdfs-305379539480",
            "labels": {
              "purpose": "pdfs"
            },
            "lifecycle_rule": [],
            "location": "EUROPE-WEST2",
            "logging": [],
            "name": "pdfs-305379539480",
            "project": "cloudsqlpoc-demo",
            "public_access_prevention": "inherited",
            "requester_pays": false,
            "retention_policy": [],
            "self_link": "https://www.googleapis.com/storage/v1/b/pdfs-305379539480",
            "storage_class": "STANDARD",
            "timeouts": null,
            "uniform_bucket_level_access": true,
            "url": "gs://pdfs-305379539480",
            "versioning": [],
            "website": []
          },
          "sensitive_attributes": [],
          "private": "eyJlMmJmYjczMC1lY2FhLTExZTYtOGY4OC0zNDM2M2JjN2M0YzAiOnsiY3JlYXRlIjo2MDAwMDAwMDAwMDAsInJlYWQiOjI0MDAwMDAwMDAwMCwidXBkYXRlIjoyNDAwMDAwMDAwMDB9fQ==",
          "dependencies": [
            "data.google_project.function_project",
            "google_project_service.project"
          ]
        }
      ]
    },
    {
      "mode": "managed",
      "type": "google_storage_bucket",
      "name": "source_code",
      "provider": "provider[\"registry.terraform.io/hashicorp/google\"]",
      "instances": [
        {
          "schema_version": 0,
          "attributes": {
            "autoclass": [],
            "cors": [],
            "custom_placement_config": [],
            "default_event_based_hold": false,
            "encryption": [],
            "force_destroy": true,
            "id": "source-code-305379539480",
            "labels": {
              "purpose": "source_code"
            },
            "lifecycle_rule": [],
            "location": "EUROPE-WEST2",
            "logging": [],
            "name": "source-code-305379539480",
            "project": "cloudsqlpoc-demo",
            "public_access_prevention": "inherited",
            "requester_pays": false,
            "retention_policy": [],
            "self_link": "https://www.googleapis.com/storage/v1/b/source-code-305379539480",
            "storage_class": "STANDARD",
            "timeouts": null,
            "uniform_bucket_level_access": true,
            "url": "gs://source-code-305379539480",
            "versioning": [],
            "website": []
          },
          "sensitive_attributes": [],
          "private": "eyJlMmJmYjczMC1lY2FhLTExZTYtOGY4OC0zNDM2M2JjN2M0YzAiOnsiY3JlYXRlIjo2MDAwMDAwMDAwMDAsInJlYWQiOjI0MDAwMDAwMDAwMCwidXBkYXRlIjoyNDAwMDAwMDAwMDB9fQ==",
          "dependencies": [
            "data.google_project.function_project",
            "google_project_service.project"
          ]
        }
      ]
    },
    {
      "mode": "managed",
      "type": "google_storage_bucket_object",
      "name": "reporting",
      "provider": "provider[\"registry.terraform.io/hashicorp/google\"]",
      "instances": [
        {
          "schema_version": 0,
          "attributes": {
            "bucket": "source-code-305379539480",
            "cache_control": "",
            "content": null,
            "content_disposition": "",
            "content_encoding": "",
            "content_language": "",
            "content_type": "application/zip",
            "crc32c": "NvTk8Q==",
            "customer_encryption": [],
            "detect_md5hash": "R2+V5EO5plRxr16geu9y4g==",
            "event_based_hold": false,
            "id": "source-code-305379539480-generate-pdfs-476f95e443b9a65471af5ea07aef72e2.zip",
            "kms_key_name": "",
            "md5hash": "R2+V5EO5plRxr16geu9y4g==",
            "media_link": "https://storage.googleapis.com/download/storage/v1/b/source-code-305379539480/o/generate-pdfs-476f95e443b9a65471af5ea07aef72e2.zip?generation=1679761279370990\u0026alt=media",
            "metadata": {},
            "name": "generate-pdfs-476f95e443b9a65471af5ea07aef72e2.zip",
            "output_name": "generate-pdfs-476f95e443b9a65471af5ea07aef72e2.zip",
            "self_link": "https://www.googleapis.com/storage/v1/b/source-code-305379539480/o/generate-pdfs-476f95e443b9a65471af5ea07aef72e2.zip",
            "source": "../functions/generate_pdfs.zip",
            "storage_class": "STANDARD",
            "temporary_hold": false,
            "timeouts": null
          },
          "sensitive_attributes": [],
          "private": "eyJlMmJmYjczMC1lY2FhLTExZTYtOGY4OC0zNDM2M2JjN2M0YzAiOnsiY3JlYXRlIjoyNDAwMDAwMDAwMDAsImRlbGV0ZSI6MjQwMDAwMDAwMDAwLCJ1cGRhdGUiOjI0MDAwMDAwMDAwMH19",
          "dependencies": [
            "data.archive_file.report_archive",
            "data.google_project.function_project",
            "google_project_service.project",
            "google_storage_bucket.pdf_bucket",
            "google_storage_bucket.source_code"
          ]
        }
      ]
    }
  ],
  "check_results": null
}
